
Microsoft Visual Studio Solution File, Format Version 12.00
# Visual Studio Version 16
VisualStudioVersion = 16.0.30503.244
MinimumVisualStudioVersion = 10.0.40219.1
Project("{FAE04EC0-301F-11D3-BF4B-00C04F79EFBC}") = "SEP7_Watering_System_Project", "SEP7_Watering_System_Project\SEP7_Watering_System_Project.csproj", "{BEC7CDB1-7982-4D58-BB3E-AE76B7E66706}"
EndProject
Global
	GlobalSection(SolutionConfigurationPlatforms) = preSolution
		Debug|Any CPU = Debug|Any CPU
		Release|Any CPU = Release|Any CPU
	EndGlobalSection
	GlobalSection(ProjectConfigurationPlatforms) = postSolution
		{BEC7CDB1-7982-4D58-BB3E-AE76B7E66706}.Debug|Any CPU.ActiveCfg = Debug|Any CPU
		{BEC7CDB1-7982-4D58-BB3E-AE76B7E66706}.Debug|Any CPU.Build.0 = Debug|Any CPU
		{BEC7CDB1-7982-4D58-BB3E-AE76B7E66706}.Release|Any CPU.ActiveCfg = Release|Any CPU
		{BEC7CDB1-7982-4D58-BB3E-AE76B7E66706}.Release|Any CPU.Build.0 = Release|Any CPU
	EndGlobalSection
	GlobalSection(SolutionProperties) = preSolution
		HideSolutionNode = FALSE
	EndGlobalSection
	GlobalSection(ExtensibilityGlobals) = postSolution
		SolutionGuid = {E699764C-E78B-4565-898D-83D37D9027E4}
	EndGlobalSection
EndGlobal
